
Microsoft Visual Studio Solution File, Format Version 12.00
# Visual Studio Version 17
VisualStudioVersion = 17.14.36603.0 d17.14
MinimumVisualStudioVersion = 10.0.40219.1
Project("{FAE04EC0-301F-11D3-BF4B-00C04F79EFBC}") = "WebAPP1", "WebAPP1\WebAPP1.csproj", "{B76415EE-9047-47D9-9E26-AE09C310E184}"
EndProject
Global
	GlobalSection(SolutionConfigurationPlatforms) = preSolution
		Debug|Any CPU = Debug|Any CPU
		Release|Any CPU = Release|Any CPU
	EndGlobalSection
	GlobalSection(ProjectConfigurationPlatforms) = postSolution
		{B76415EE-9047-47D9-9E26-AE09C310E184}.Debug|Any CPU.ActiveCfg = Debug|Any CPU
		{B76415EE-9047-47D9-9E26-AE09C310E184}.Debug|Any CPU.Build.0 = Debug|Any CPU
		{B76415EE-9047-47D9-9E26-AE09C310E184}.Release|Any CPU.ActiveCfg = Release|Any CPU
		{B76415EE-9047-47D9-9E26-AE09C310E184}.Release|Any CPU.Build.0 = Release|Any CPU
	EndGlobalSection
	GlobalSection(SolutionProperties) = preSolution
		HideSolutionNode = FALSE
	EndGlobalSection
	GlobalSection(ExtensibilityGlobals) = postSolution
		SolutionGuid = {CF64967C-6768-411D-B813-FD39BA236781}
	EndGlobalSection
EndGlobal
